
Microsoft Visual Studio Solution File, Format Version 11.00
# Visual Studio 2010
Project("{FAE04EC0-301F-11D3-BF4B-00C04F79EFBC}") = "Apperian.Ease.Publisher", "Apperian.Ease.Publisher.csproj", "{DBD03723-DADE-4D89-9F7B-C2A4C6E2B4CB}"
EndProject
Global
	GlobalSection(SolutionConfigurationPlatforms) = preSolution
		Debug|x86 = Debug|x86
		Release|x86 = Release|x86
	EndGlobalSection
	GlobalSection(ProjectConfigurationPlatforms) = postSolution
		{DBD03723-DADE-4D89-9F7B-C2A4C6E2B4CB}.Debug|x86.ActiveCfg = Debug|x86
		{DBD03723-DADE-4D89-9F7B-C2A4C6E2B4CB}.Debug|x86.Build.0 = Debug|x86
		{DBD03723-DADE-4D89-9F7B-C2A4C6E2B4CB}.Release|x86.ActiveCfg = Release|x86
		{DBD03723-DADE-4D89-9F7B-C2A4C6E2B4CB}.Release|x86.Build.0 = Release|x86
	EndGlobalSection
	GlobalSection(MonoDevelopProperties) = preSolution
		StartupItem = Apperian.Ease.Publisher.csproj
	EndGlobalSection
EndGlobal
